
Microsoft Visual Studio Solution File, Format Version 12.00
# Visual Studio Version 17
VisualStudioVersion = 17.6.33829.357
MinimumVisualStudioVersion = 10.0.40219.1
Project("{FAE04EC0-301F-11D3-BF4B-00C04F79EFBC}") = "spotify-project", "spotify-project\spotify-project.csproj", "{9ED344B3-2318-40F7-9F30-90F8CE13A4A0}"
EndProject
Global
	GlobalSection(SolutionConfigurationPlatforms) = preSolution
		Debug|Any CPU = Debug|Any CPU
		Release|Any CPU = Release|Any CPU
	EndGlobalSection
	GlobalSection(ProjectConfigurationPlatforms) = postSolution
		{9ED344B3-2318-40F7-9F30-90F8CE13A4A0}.Debug|Any CPU.ActiveCfg = Debug|Any CPU
		{9ED344B3-2318-40F7-9F30-90F8CE13A4A0}.Debug|Any CPU.Build.0 = Debug|Any CPU
		{9ED344B3-2318-40F7-9F30-90F8CE13A4A0}.Release|Any CPU.ActiveCfg = Release|Any CPU
		{9ED344B3-2318-40F7-9F30-90F8CE13A4A0}.Release|Any CPU.Build.0 = Release|Any CPU
	EndGlobalSection
	GlobalSection(SolutionProperties) = preSolution
		HideSolutionNode = FALSE
	EndGlobalSection
	GlobalSection(ExtensibilityGlobals) = postSolution
		SolutionGuid = {5E9A00DE-671E-4884-B070-897C0DD39A31}
	EndGlobalSection
EndGlobal
